
Microsoft Visual Studio Solution File, Format Version 11.00
# Visual C# Express 2010
Project("{FAE04EC0-301F-11D3-BF4B-00C04F79EFBC}") = "RwLib", "RwLib.csproj", "{6DFE6555-9E71-4558-B541-3F2375E9FF2A}"
EndProject
Global
	GlobalSection(SolutionConfigurationPlatforms) = preSolution
		Debug|x86 = Debug|x86
		Release|x86 = Release|x86
	EndGlobalSection
	GlobalSection(ProjectConfigurationPlatforms) = postSolution
		{6DFE6555-9E71-4558-B541-3F2375E9FF2A}.Debug|x86.ActiveCfg = Debug|x86
		{6DFE6555-9E71-4558-B541-3F2375E9FF2A}.Debug|x86.Build.0 = Debug|x86
		{6DFE6555-9E71-4558-B541-3F2375E9FF2A}.Release|x86.ActiveCfg = Release|x86
		{6DFE6555-9E71-4558-B541-3F2375E9FF2A}.Release|x86.Build.0 = Release|x86
	EndGlobalSection
	GlobalSection(SolutionProperties) = preSolution
		HideSolutionNode = FALSE
	EndGlobalSection
EndGlobal
